# This file is automatically @generated by Cargo.
# It is not intended for manual editing.
version = 4

[[package]]
name = "idalion"
version = "0.0.1"

[[package]]
name = "idalion-adapter-loopback"
version = "0.0.1"
dependencies = [
 "idalion",
 "idalion-testkit",
]

[[package]]
name = "idalion-testkit"
version = "0.0.1"
dependencies = [
 "idalion",
]
