# This file is automatically @generated by Cargo.
# It is not intended for manual editing.
version = 4

[[package]]
name = "annoda"
version = "0.0.1"

[[package]]
name = "annoda-adapter-loopback"
version = "0.0.1"
dependencies = [
 "annoda",
 "annoda-testkit",
]

[[package]]
name = "annoda-testkit"
version = "0.0.1"
dependencies = [
 "annoda",
]
